
Microsoft Visual Studio Solution File, Format Version 12.00
# Visual Studio Version 16
VisualStudioVersion = 16.0.31205.134
MinimumVisualStudioVersion = 10.0.40219.1
Project("{FAE04EC0-301F-11D3-BF4B-00C04F79EFBC}") = "WebApi_G_Map", "WebApi_G_Map\WebApi_G_Map.csproj", "{05FE17D1-1A3D-4720-8B1A-F0919986DA9F}"
EndProject
Global
	GlobalSection(SolutionConfigurationPlatforms) = preSolution
		Debug|Any CPU = Debug|Any CPU
		Release|Any CPU = Release|Any CPU
	EndGlobalSection
	GlobalSection(ProjectConfigurationPlatforms) = postSolution
		{05FE17D1-1A3D-4720-8B1A-F0919986DA9F}.Debug|Any CPU.ActiveCfg = Debug|Any CPU
		{05FE17D1-1A3D-4720-8B1A-F0919986DA9F}.Debug|Any CPU.Build.0 = Debug|Any CPU
		{05FE17D1-1A3D-4720-8B1A-F0919986DA9F}.Release|Any CPU.ActiveCfg = Release|Any CPU
		{05FE17D1-1A3D-4720-8B1A-F0919986DA9F}.Release|Any CPU.Build.0 = Release|Any CPU
	EndGlobalSection
	GlobalSection(SolutionProperties) = preSolution
		HideSolutionNode = FALSE
	EndGlobalSection
	GlobalSection(ExtensibilityGlobals) = postSolution
		SolutionGuid = {A81F1397-54AC-4CB8-B616-6F7BBEDD1D85}
	EndGlobalSection
EndGlobal
